
Microsoft Visual Studio Solution File, Format Version 12.00
# Visual Studio Version 16
VisualStudioVersion = 16.0.30907.101
MinimumVisualStudioVersion = 10.0.40219.1
Project("{FAE04EC0-301F-11D3-BF4B-00C04F79EFBC}") = "RolesAndPolicy", "RolesAndPolicy.csproj", "{6D0C3C06-4EA1-4D46-AFD1-65C00809FA8B}"
EndProject
Global
	GlobalSection(SolutionConfigurationPlatforms) = preSolution
		Debug|Any CPU = Debug|Any CPU
		Release|Any CPU = Release|Any CPU
	EndGlobalSection
	GlobalSection(ProjectConfigurationPlatforms) = postSolution
		{6D0C3C06-4EA1-4D46-AFD1-65C00809FA8B}.Debug|Any CPU.ActiveCfg = Debug|Any CPU
		{6D0C3C06-4EA1-4D46-AFD1-65C00809FA8B}.Debug|Any CPU.Build.0 = Debug|Any CPU
		{6D0C3C06-4EA1-4D46-AFD1-65C00809FA8B}.Release|Any CPU.ActiveCfg = Release|Any CPU
		{6D0C3C06-4EA1-4D46-AFD1-65C00809FA8B}.Release|Any CPU.Build.0 = Release|Any CPU
	EndGlobalSection
	GlobalSection(SolutionProperties) = preSolution
		HideSolutionNode = FALSE
	EndGlobalSection
	GlobalSection(ExtensibilityGlobals) = postSolution
		SolutionGuid = {38A489C1-388A-4E65-A419-7B9295CAF483}
	EndGlobalSection
EndGlobal
