
Microsoft Visual Studio Solution File, Format Version 12.00
# Visual Studio Version 16
VisualStudioVersion = 16.0.30907.101
MinimumVisualStudioVersion = 10.0.40219.1
Project("{FAE04EC0-301F-11D3-BF4B-00C04F79EFBC}") = "App_AzureADB2C", "App_AzureADB2C.csproj", "{3D101473-98C5-4CC9-A37F-D86483D6C466}"
EndProject
Global
	GlobalSection(SolutionConfigurationPlatforms) = preSolution
		Debug|Any CPU = Debug|Any CPU
		Release|Any CPU = Release|Any CPU
	EndGlobalSection
	GlobalSection(ProjectConfigurationPlatforms) = postSolution
		{3D101473-98C5-4CC9-A37F-D86483D6C466}.Debug|Any CPU.ActiveCfg = Debug|Any CPU
		{3D101473-98C5-4CC9-A37F-D86483D6C466}.Debug|Any CPU.Build.0 = Debug|Any CPU
		{3D101473-98C5-4CC9-A37F-D86483D6C466}.Release|Any CPU.ActiveCfg = Release|Any CPU
		{3D101473-98C5-4CC9-A37F-D86483D6C466}.Release|Any CPU.Build.0 = Release|Any CPU
	EndGlobalSection
	GlobalSection(SolutionProperties) = preSolution
		HideSolutionNode = FALSE
	EndGlobalSection
	GlobalSection(ExtensibilityGlobals) = postSolution
		SolutionGuid = {33292B20-011E-4FDE-B29F-C88D0EACAD7F}
	EndGlobalSection
EndGlobal
