
Microsoft Visual Studio Solution File, Format Version 12.00
# Visual Studio Version 16
VisualStudioVersion = 16.0.30907.101
MinimumVisualStudioVersion = 10.0.40219.1
Project("{FAE04EC0-301F-11D3-BF4B-00C04F79EFBC}") = "L2_depend_injection", "L2_depend_injection.csproj", "{32FCEBBA-97E2-4A91-8135-AA05D6948883}"
EndProject
Project("{FAE04EC0-301F-11D3-BF4B-00C04F79EFBC}") = "Repository_LibrStandart", "..\Library_Standart\Repository_LibrStandart.csproj", "{961FDD5F-95AB-48B2-AF7A-003FB25A51B6}"
EndProject
Global
	GlobalSection(SolutionConfigurationPlatforms) = preSolution
		Debug|Any CPU = Debug|Any CPU
		Release|Any CPU = Release|Any CPU
	EndGlobalSection
	GlobalSection(ProjectConfigurationPlatforms) = postSolution
		{32FCEBBA-97E2-4A91-8135-AA05D6948883}.Debug|Any CPU.ActiveCfg = Debug|Any CPU
		{32FCEBBA-97E2-4A91-8135-AA05D6948883}.Debug|Any CPU.Build.0 = Debug|Any CPU
		{32FCEBBA-97E2-4A91-8135-AA05D6948883}.Release|Any CPU.ActiveCfg = Release|Any CPU
		{32FCEBBA-97E2-4A91-8135-AA05D6948883}.Release|Any CPU.Build.0 = Release|Any CPU
		{961FDD5F-95AB-48B2-AF7A-003FB25A51B6}.Debug|Any CPU.ActiveCfg = Debug|Any CPU
		{961FDD5F-95AB-48B2-AF7A-003FB25A51B6}.Debug|Any CPU.Build.0 = Debug|Any CPU
		{961FDD5F-95AB-48B2-AF7A-003FB25A51B6}.Release|Any CPU.ActiveCfg = Release|Any CPU
		{961FDD5F-95AB-48B2-AF7A-003FB25A51B6}.Release|Any CPU.Build.0 = Release|Any CPU
	EndGlobalSection
	GlobalSection(SolutionProperties) = preSolution
		HideSolutionNode = FALSE
	EndGlobalSection
	GlobalSection(ExtensibilityGlobals) = postSolution
		SolutionGuid = {64229D33-444E-4C3C-9371-7A52E3BCCDDC}
	EndGlobalSection
EndGlobal
