
Microsoft Visual Studio Solution File, Format Version 12.00
# Visual Studio Version 16
VisualStudioVersion = 16.0.30907.101
MinimumVisualStudioVersion = 10.0.40219.1
Project("{FAE04EC0-301F-11D3-BF4B-00C04F79EFBC}") = "Identity_AzureAD", "Identity_AzureAD.csproj", "{30102DFA-80ED-40B2-A51B-3B00CC75ABF1}"
EndProject
Global
	GlobalSection(SolutionConfigurationPlatforms) = preSolution
		Debug|Any CPU = Debug|Any CPU
		Release|Any CPU = Release|Any CPU
	EndGlobalSection
	GlobalSection(ProjectConfigurationPlatforms) = postSolution
		{30102DFA-80ED-40B2-A51B-3B00CC75ABF1}.Debug|Any CPU.ActiveCfg = Debug|Any CPU
		{30102DFA-80ED-40B2-A51B-3B00CC75ABF1}.Debug|Any CPU.Build.0 = Debug|Any CPU
		{30102DFA-80ED-40B2-A51B-3B00CC75ABF1}.Release|Any CPU.ActiveCfg = Release|Any CPU
		{30102DFA-80ED-40B2-A51B-3B00CC75ABF1}.Release|Any CPU.Build.0 = Release|Any CPU
	EndGlobalSection
	GlobalSection(SolutionProperties) = preSolution
		HideSolutionNode = FALSE
	EndGlobalSection
	GlobalSection(ExtensibilityGlobals) = postSolution
		SolutionGuid = {CE79F5AC-96EE-4F02-AF41-2DE94580A374}
	EndGlobalSection
EndGlobal
